
Microsoft Visual Studio Solution File, Format Version 12.00
# Visual Studio Version 17
VisualStudioVersion = 17.2.32210.308
MinimumVisualStudioVersion = 10.0.40219.1
Project("{9A19103F-16F7-4668-BE54-9A1E7A4F7556}") = "FridgeManager.API", "FridgeManager.API\FridgeManager.API.csproj", "{58B7EF11-BF64-4A77-8B30-CED5AD002AC2}"
EndProject
Project("{9A19103F-16F7-4668-BE54-9A1E7A4F7556}") = "FridgeManager.ASP", "FridgeManager.ASP\FridgeManager.ASP.csproj", "{C660316D-13B7-4647-80C7-05652C2AFFFD}"
EndProject
Project("{9A19103F-16F7-4668-BE54-9A1E7A4F7556}") = "FridgeManager.Domain", "FridgeManager.Domain\FridgeManager.Domain.csproj", "{80B99072-8E17-489F-9B1B-29D586BA8D9C}"
EndProject
Project("{9A19103F-16F7-4668-BE54-9A1E7A4F7556}") = "FridgeManager.Database", "FridgeManager.Database\FridgeManager.Database.csproj", "{B4C83B14-7FD3-4B7E-B063-FBB1DB2EAE48}"
EndProject
Project("{9A19103F-16F7-4668-BE54-9A1E7A4F7556}") = "FridgeManager.Interfaces", "FridgeManager.Interfaces\FridgeManager.Interfaces.csproj", "{D315CE4D-A82F-436F-99F7-EBE7ED286A28}"
EndProject
Project("{9A19103F-16F7-4668-BE54-9A1E7A4F7556}") = "FridgeManager.LoggerService", "FridgeManager.LoggerService\FridgeManager.LoggerService.csproj", "{A16E8755-05E1-4A15-998A-108AC47B4C39}"
EndProject
Project("{FAE04EC0-301F-11D3-BF4B-00C04F79EFBC}") = "FridgeManager.Tests", "FridgeManager.Tests\FridgeManager.Tests.csproj", "{BD2DA565-4E02-4819-AF82-CB1E2C1D7B2F}"
EndProject
Global
	GlobalSection(SolutionConfigurationPlatforms) = preSolution
		Debug|Any CPU = Debug|Any CPU
		Release|Any CPU = Release|Any CPU
	EndGlobalSection
	GlobalSection(ProjectConfigurationPlatforms) = postSolution
		{58B7EF11-BF64-4A77-8B30-CED5AD002AC2}.Debug|Any CPU.ActiveCfg = Debug|Any CPU
		{58B7EF11-BF64-4A77-8B30-CED5AD002AC2}.Debug|Any CPU.Build.0 = Debug|Any CPU
		{58B7EF11-BF64-4A77-8B30-CED5AD002AC2}.Release|Any CPU.ActiveCfg = Release|Any CPU
		{58B7EF11-BF64-4A77-8B30-CED5AD002AC2}.Release|Any CPU.Build.0 = Release|Any CPU
		{C660316D-13B7-4647-80C7-05652C2AFFFD}.Debug|Any CPU.ActiveCfg = Debug|Any CPU
		{C660316D-13B7-4647-80C7-05652C2AFFFD}.Debug|Any CPU.Build.0 = Debug|Any CPU
		{C660316D-13B7-4647-80C7-05652C2AFFFD}.Release|Any CPU.ActiveCfg = Release|Any CPU
		{C660316D-13B7-4647-80C7-05652C2AFFFD}.Release|Any CPU.Build.0 = Release|Any CPU
		{80B99072-8E17-489F-9B1B-29D586BA8D9C}.Debug|Any CPU.ActiveCfg = Debug|Any CPU
		{80B99072-8E17-489F-9B1B-29D586BA8D9C}.Debug|Any CPU.Build.0 = Debug|Any CPU
		{80B99072-8E17-489F-9B1B-29D586BA8D9C}.Release|Any CPU.ActiveCfg = Release|Any CPU
		{80B99072-8E17-489F-9B1B-29D586BA8D9C}.Release|Any CPU.Build.0 = Release|Any CPU
		{B4C83B14-7FD3-4B7E-B063-FBB1DB2EAE48}.Debug|Any CPU.ActiveCfg = Debug|Any CPU
		{B4C83B14-7FD3-4B7E-B063-FBB1DB2EAE48}.Debug|Any CPU.Build.0 = Debug|Any CPU
		{B4C83B14-7FD3-4B7E-B063-FBB1DB2EAE48}.Release|Any CPU.ActiveCfg = Release|Any CPU
		{B4C83B14-7FD3-4B7E-B063-FBB1DB2EAE48}.Release|Any CPU.Build.0 = Release|Any CPU
		{D315CE4D-A82F-436F-99F7-EBE7ED286A28}.Debug|Any CPU.ActiveCfg = Debug|Any CPU
		{D315CE4D-A82F-436F-99F7-EBE7ED286A28}.Debug|Any CPU.Build.0 = Debug|Any CPU
		{D315CE4D-A82F-436F-99F7-EBE7ED286A28}.Release|Any CPU.ActiveCfg = Release|Any CPU
		{D315CE4D-A82F-436F-99F7-EBE7ED286A28}.Release|Any CPU.Build.0 = Release|Any CPU
		{A16E8755-05E1-4A15-998A-108AC47B4C39}.Debug|Any CPU.ActiveCfg = Debug|Any CPU
		{A16E8755-05E1-4A15-998A-108AC47B4C39}.Debug|Any CPU.Build.0 = Debug|Any CPU
		{A16E8755-05E1-4A15-998A-108AC47B4C39}.Release|Any CPU.ActiveCfg = Release|Any CPU
		{A16E8755-05E1-4A15-998A-108AC47B4C39}.Release|Any CPU.Build.0 = Release|Any CPU
		{BD2DA565-4E02-4819-AF82-CB1E2C1D7B2F}.Debug|Any CPU.ActiveCfg = Debug|Any CPU
		{BD2DA565-4E02-4819-AF82-CB1E2C1D7B2F}.Debug|Any CPU.Build.0 = Debug|Any CPU
		{BD2DA565-4E02-4819-AF82-CB1E2C1D7B2F}.Release|Any CPU.ActiveCfg = Release|Any CPU
		{BD2DA565-4E02-4819-AF82-CB1E2C1D7B2F}.Release|Any CPU.Build.0 = Release|Any CPU
	EndGlobalSection
	GlobalSection(SolutionProperties) = preSolution
		HideSolutionNode = FALSE
	EndGlobalSection
	GlobalSection(ExtensibilityGlobals) = postSolution
		SolutionGuid = {E2BE8362-BC37-4A87-A299-F9BB9257FA9D}
	EndGlobalSection
EndGlobal
